// !$*UTF8*$!
{
	archiveVersion = 1;
	classes = {
	};
	objectVersion = 46;
	objects = {

/* Begin PBXBuildFile section */
		6B6640491B71F9E00094533E /* main.m in Sources */ = {isa = PBXBuildFile; fileRef = 6B6640481B71F9E00094533E /* main.m */; };
		6B66404C1B71F9E00094533E /* AppDelegate.m in Sources */ = {isa = PBXBuildFile; fileRef = 6B66404B1B71F9E00094533E /* AppDelegate.m */; };
		6B66404F1B71F9E00094533E /* ViewController.m in Sources */ = {isa = PBXBuildFile; fileRef = 6B66404E1B71F9E00094533E /* ViewController.m */; };
		6B6640521B71F9E00094533E /* Main.storyboard in Resources */ = {isa = PBXBuildFile; fileRef = 6B6640501B71F9E00094533E /* Main.storyboard */; };
		6B6640541B71F9E00094533E /* Images.xcassets in Resources */ = {isa = PBXBuildFile; fileRef = 6B6640531B71F9E00094533E /* Images.xcassets */; };
		6B6640571B71F9E00094533E /* LaunchScreen.xib in Resources */ = {isa = PBXBuildFile; fileRef = 6B6640551B71F9E00094533E /* LaunchScreen.xib */; };
		6B6640631B71F9E00094533E /* eweqTests.m in Sources */ = {isa = PBXBuildFile; fileRef = 6B6640621B71F9E00094533E /* eweqTests.m */; };
/* End PBXBuildFile section */

/* Begin PBXContainerItemProxy section */
		6B66405D1B71F9E00094533E /* PBXContainerItemProxy */ = {
			isa = PBXContainerItemProxy;
			containerPortal = 6B66403B1B71F9E00094533E /* Project object */;
			proxyType = 1;
			remoteGlobalIDString = 6B6640421B71F9E00094533E;
			remoteInfo = eweq;
		};
/* End PBXContainerItemProxy section */

/* Begin PBXFileReference section */
		6B6640431B71F9E00094533E /* eweq.app */ = {isa = PBXFileReference; explicitFileType = wrapper.application; includeInIndex = 0; path = eweq.app; sourceTree = BUILT_PRODUCTS_DIR; };
		6B6640471B71F9E00094533E /* Info.plist */ = {isa = PBXFileReference; lastKnownFileType = text.plist.xml; path = Info.plist; sourceTree = "<group>"; };
		6B6640481B71F9E00094533E /* main.m */ = {isa = PBXFileReference; lastKnownFileType = sourcecode.c.objc; path = main.m; sourceTree = "<group>"; };
		6B66404A1B71F9E00094533E /* AppDelegate.h */ = {isa = PBXFileReference; lastKnownFileType = sourcecode.c.h; path = AppDelegate.h; sourceTree = "<group>"; };
		6B66404B1B71F9E00094533E /* AppDelegate.m */ = {isa = PBXFileReference; lastKnownFileType = sourcecode.c.objc; path = AppDelegate.m; sourceTree = "<group>"; };
		6B66404D1B71F9E00094533E /* ViewController.h */ = {isa = PBXFileReference; lastKnownFileType = sourcecode.c.h; path = ViewController.h; sourceTree = "<group>"; };
		6B66404E1B71F9E00094533E /* ViewController.m */ = {isa = PBXFileReference; lastKnownFileType = sourcecode.c.objc; path = ViewController.m; sourceTree = "<group>"; };
		6B6640511B71F9E00094533E /* Base */ = {isa = PBXFileReference; lastKnownFileType = file.storyboard; name = Base; path = Base.lproj/Main.storyboard; sourceTree = "<group>"; };
		6B6640531B71F9E00094533E /* Images.xcassets */ = {isa = PBXFileReference; lastKnownFileType = folder.assetcatalog; path = Images.xcassets; sourceTree = "<group>"; };
		6B6640561B71F9E00094533E /* Base */ = {isa = PBXFileReference; lastKnownFileType = file.xib; name = Base; path = Base.lproj/LaunchScreen.xib; sourceTree = "<group>"; };
		6B66405C1B71F9E00094533E /* eweqTests.xctest */ = {isa = PBXFileReference; explicitFileType = wrapper.cfbundle; includeInIndex = 0; path = eweqTests.xctest; sourceTree = BUILT_PRODUCTS_DIR; };
		6B6640611B71F9E00094533E /* Info.plist */ = {isa = PBXFileReference; lastKnownFileType = text.plist.xml; path = Info.plist; sourceTree = "<group>"; };
		6B6640621B71F9E00094533E /* eweqTests.m */ = {isa = PBXFileReference; lastKnownFileType = sourcecode.c.objc; path = eweqTests.m; sourceTree = "<group>"; };
/* End PBXFileReference section */

/* Begin PBXFrameworksBuildPhase section */
		6B6640401B71F9E00094533E /* Frameworks */ = {
			isa = PBXFrameworksBuildPhase;
			buildActionMask = 2147483647;
			files = (
			);
			runOnlyForDeploymentPostprocessing = 0;
		};
		6B6640591B71F9E00094533E /* Frameworks */ = {
			isa = PBXFrameworksBuildPhase;
			buildActionMask = 2147483647;
			files = (
			);
			runOnlyForDeploymentPostprocessing = 0;
		};
/* End PBXFrameworksBuildPhase section */

/* Begin PBXGroup section */
		6B66403A1B71F9E00094533E = {
			isa = PBXGroup;
			children = (
				6B6640451B71F9E00094533E /* eweq */,
				6B66405F1B71F9E00094533E /* eweqTests */,
				6B6640441B71F9E00094533E /* Products */,
			);
			sourceTree = "<group>";
		};
		6B6640441B71F9E00094533E /* Products */ = {
			isa = PBXGroup;
			children = (
				6B6640431B71F9E00094533E /* eweq.app */,
				6B66405C1B71F9E00094533E /* eweqTests.xctest */,
			);
			name = Products;
			sourceTree = "<group>";
		};
		6B6640451B71F9E00094533E /* eweq */ = {
			isa = PBXGroup;
			children = (
				6B66404A1B71F9E00094533E /* AppDelegate.h */,
				6B66404B1B71F9E00094533E /* AppDelegate.m */,
				6B66404D1B71F9E00094533E /* ViewController.h */,
				6B66404E1B71F9E00094533E /* ViewController.m */,
				6B6640501B71F9E00094533E /* Main.storyboard */,
				6B6640531B71F9E00094533E /* Images.xcassets */,
				6B6640551B71F9E00094533E /* LaunchScreen.xib */,
				6B6640461B71F9E00094533E /* Supporting Files */,
			);
			path = eweq;
			sourceTree = "<group>";
		};
		6B6640461B71F9E00094533E /* Supporting Files */ = {
			isa = PBXGroup;
			children = (
				6B6640471B71F9E00094533E /* Info.plist */,
				6B6640481B71F9E00094533E /* main.m */,
			);
			name = "Supporting Files";
			sourceTree = "<group>";
		};
		6B66405F1B71F9E00094533E /* eweqTests */ = {
			isa = PBXGroup;
			children = (
				6B6640621B71F9E00094533E /* eweqTests.m */,
				6B6640601B71F9E00094533E /* Supporting Files */,
			);
			path = eweqTests;
			sourceTree = "<group>";
		};
		6B6640601B71F9E00094533E /* Supporting Files */ = {
			isa = PBXGroup;
			children = (
				6B6640611B71F9E00094533E /* Info.plist */,
			);
			name = "Supporting Files";
			sourceTree = "<group>";
		};
/* End PBXGroup section */

/* Begin PBXNativeTarget section */
		6B6640421B71F9E00094533E /* eweq */ = {
			isa = PBXNativeTarget;
			buildConfigurationList = 6B6640661B71F9E00094533E /* Build configuration list for PBXNativeTarget "eweq" */;
			buildPhases = (
				6B66403F1B71F9E00094533E /* Sources */,
				6B6640401B71F9E00094533E /* Frameworks */,
				6B6640411B71F9E00094533E /* Resources */,
			);
			buildRules = (
			);
			dependencies = (
			);
			name = eweq;
			productName = eweq;
			productReference = 6B6640431B71F9E00094533E /* eweq.app */;
			productType = "com.apple.product-type.application";
		};
		6B66405B1B71F9E00094533E /* eweqTests */ = {
			isa = PBXNativeTarget;
			buildConfigurationList = 6B6640691B71F9E00094533E /* Build configuration list for PBXNativeTarget "eweqTests" */;
			buildPhases = (
				6B6640581B71F9E00094533E /* Sources */,
				6B6640591B71F9E00094533E /* Frameworks */,
				6B66405A1B71F9E00094533E /* Resources */,
			);
			buildRules = (
			);
			dependencies = (
				6B66405E1B71F9E00094533E /* PBXTargetDependency */,
			);
			name = eweqTests;
			productName = eweqTests;
			productReference = 6B66405C1B71F9E00094533E /* eweqTests.xctest */;
			productType = "com.apple.product-type.bundle.unit-test";
		};
/* End PBXNativeTarget section */

/* Begin PBXProject section */
		6B66403B1B71F9E00094533E /* Project object */ = {
			isa = PBXProject;
			attributes = {
				LastUpgradeCheck = 0630;
				ORGANIZATIONNAME = KellenYang;
				TargetAttributes = {
					6B6640421B71F9E00094533E = {
						CreatedOnToolsVersion = 6.3.2;
					};
					6B66405B1B71F9E00094533E = {
						CreatedOnToolsVersion = 6.3.2;
						TestTargetID = 6B6640421B71F9E00094533E;
					};
				};
			};
			buildConfigurationList = 6B66403E1B71F9E00094533E /* Build configuration list for PBXProject "eweq" */;
			compatibilityVersion = "Xcode 3.2";
			developmentRegion = English;
			hasScannedForEncodings = 0;
			knownRegions = (
				en,
				Base,
			);
			mainGroup = 6B66403A1B71F9E00094533E;
			productRefGroup = 6B6640441B71F9E00094533E /* Products */;
			projectDirPath = "";
			projectRoot = "";
			targets = (
				6B6640421B71F9E00094533E /* eweq */,
				6B66405B1B71F9E00094533E /* eweqTests */,
			);
		};
/* End PBXProject section */

/* Begin PBXResourcesBuildPhase section */
		6B6640411B71F9E00094533E /* Resources */ = {
			isa = PBXResourcesBuildPhase;
			buildActionMask = 2147483647;
			files = (
				6B6640521B71F9E00094533E /* Main.storyboard in Resources */,
				6B6640571B71F9E00094533E /* LaunchScreen.xib in Resources */,
				6B6640541B71F9E00094533E /* Images.xcassets in Resources */,
			);
			runOnlyForDeploymentPostprocessing = 0;
		};
		6B66405A1B71F9E00094533E /* Resources */ = {
			isa = PBXResourcesBuildPhase;
			buildActionMask = 2147483647;
			files = (
			);
			runOnlyForDeploymentPostprocessing = 0;
		};
/* End PBXResourcesBuildPhase section */

/* Begin PBXSourcesBuildPhase section */
		6B66403F1B71F9E00094533E /* Sources */ = {
			isa = PBXSourcesBuildPhase;
			buildActionMask = 2147483647;
			files = (
				6B66404F1B71F9E00094533E /* ViewController.m in Sources */,
				6B66404C1B71F9E00094533E /* AppDelegate.m in Sources */,
				6B6640491B71F9E00094533E /* main.m in Sources */,
			);
			runOnlyForDeploymentPostprocessing = 0;
		};
		6B6640581B71F9E00094533E /* Sources */ = {
			isa = PBXSourcesBuildPhase;
			buildActionMask = 2147483647;
			files = (
				6B6640631B71F9E00094533E /* eweqTests.m in Sources */,
			);
			runOnlyForDeploymentPostprocessing = 0;
		};
/* End PBXSourcesBuildPhase section */

/* Begin PBXTargetDependency section */
		6B66405E1B71F9E00094533E /* PBXTargetDependency */ = {
			isa = PBXTargetDependency;
			target = 6B6640421B71F9E00094533E /* eweq */;
			targetProxy = 6B66405D1B71F9E00094533E /* PBXContainerItemProxy */;
		};
/* End PBXTargetDependency section */

/* Begin PBXVariantGroup section */
		6B6640501B71F9E00094533E /* Main.storyboard */ = {
			isa = PBXVariantGroup;
			children = (
				6B6640511B71F9E00094533E /* Base */,
			);
			name = Main.storyboard;
			sourceTree = "<group>";
		};
		6B6640551B71F9E00094533E /* LaunchScreen.xib */ = {
			isa = PBXVariantGroup;
			children = (
				6B6640561B71F9E00094533E /* Base */,
			);
			name = LaunchScreen.xib;
			sourceTree = "<group>";
		};
/* End PBXVariantGroup section */

/* Begin XCBuildConfiguration section */
		6B6640641B71F9E00094533E /* Debug */ = {
			isa = XCBuildConfiguration;
			buildSettings = {
				ALWAYS_SEARCH_USER_PATHS = NO;
				CLANG_CXX_LANGUAGE_STANDARD = "gnu++0x";
				CLANG_CXX_LIBRARY = "libc++";
				CLANG_ENABLE_MODULES = YES;
				CLANG_ENABLE_OBJC_ARC = YES;
				CLANG_WARN_BOOL_CONVERSION = YES;
				CLANG_WARN_CONSTANT_CONVERSION = YES;
				CLANG_WARN_DIRECT_OBJC_ISA_USAGE = YES_ERROR;
				CLANG_WARN_EMPTY_BODY = YES;
				CLANG_WARN_ENUM_CONVERSION = YES;
				CLANG_WARN_INT_CONVERSION = YES;
				CLANG_WARN_OBJC_ROOT_CLASS = YES_ERROR;
				CLANG_WARN_UNREACHABLE_CODE = YES;
				CLANG_WARN__DUPLICATE_METHOD_MATCH = YES;
				"CODE_SIGN_IDENTITY[sdk=iphoneos*]" = "iPhone Developer";
				COPY_PHASE_STRIP = NO;
				DEBUG_INFORMATION_FORMAT = "dwarf-with-dsym";
				ENABLE_STRICT_OBJC_MSGSEND = YES;
				GCC_C_LANGUAGE_STANDARD = gnu99;
				GCC_DYNAMIC_NO_PIC = NO;
				GCC_NO_COMMON_BLOCKS = YES;
				GCC_OPTIMIZATION_LEVEL = 0;
				GCC_PREPROCESSOR_DEFINITIONS = (
					"DEBUG=1",
					"$(inherited)",
				);
				GCC_SYMBOLS_PRIVATE_EXTERN = NO;
				GCC_WARN_64_TO_32_BIT_CONVERSION = YES;
				GCC_WARN_ABOUT_RETURN_TYPE = YES_ERROR;
				GCC_WARN_UNDECLARED_SELECTOR = YES;
				GCC_WARN_UNINITIALIZED_AUTOS = YES_AGGRESSIVE;
				GCC_WARN_UNUSED_FUNCTION = YES;
				GCC_WARN_UNUSED_VARIABLE = YES;
				IPHONEOS_DEPLOYMENT_TARGET = 8.3;
				MTL_ENABLE_DEBUG_INFO = YES;
				ONLY_ACTIVE_ARCH = YES;
				SDKROOT = iphoneos;
				TARGETED_DEVICE_FAMILY = "1,2";
			};
			name = Debug;
		};
		6B6640651B71F9E00094533E /* Release */ = {
			isa = XCBuildConfiguration;
			buildSettings = {
				ALWAYS_SEARCH_USER_PATHS = NO;
				CLANG_CXX_LANGUAGE_STANDARD = "gnu++0x";
				CLANG_CXX_LIBRARY = "libc++";
				CLANG_ENABLE_MODULES = YES;
				CLANG_ENABLE_OBJC_ARC = YES;
				CLANG_WARN_BOOL_CONVERSION = YES;
				CLANG_WARN_CONSTANT_CONVERSION = YES;
				CLANG_WARN_DIRECT_OBJC_ISA_USAGE = YES_ERROR;
				CLANG_WARN_EMPTY_BODY = YES;
				CLANG_WARN_ENUM_CONVERSION = YES;
				CLANG_WARN_INT_CONVERSION = YES;
				CLANG_WARN_OBJC_ROOT_CLASS = YES_ERROR;
				CLANG_WARN_UNREACHABLE_CODE = YES;
				CLANG_WARN__DUPLICATE_METHOD_MATCH = YES;
				"CODE_SIGN_IDENTITY[sdk=iphoneos*]" = "iPhone Developer";
				COPY_PHASE_STRIP = NO;
				DEBUG_INFORMATION_FORMAT = "dwarf-with-dsym";
				ENABLE_NS_ASSERTIONS = NO;
				ENABLE_STRICT_OBJC_MSGSEND = YES;
				GCC_C_LANGUAGE_STANDARD = gnu99;
				GCC_NO_COMMON_BLOCKS = YES;
				GCC_WARN_64_TO_32_BIT_CONVERSION = YES;
				GCC_WARN_ABOUT_RETURN_TYPE = YES_ERROR;
				GCC_WARN_UNDECLARED_SELECTOR = YES;
				GCC_WARN_UNINITIALIZED_AUTOS = YES_AGGRESSIVE;
				GCC_WARN_UNUSED_FUNCTION = YES;
				GCC_WARN_UNUSED_VARIABLE = YES;
				IPHONEOS_DEPLOYMENT_TARGET = 8.3;
				MTL_ENABLE_DEBUG_INFO = NO;
				SDKROOT = iphoneos;
				TARGETED_DEVICE_FAMILY = "1,2";
				VALIDATE_PRODUCT = YES;
			};
			name = Release;
		};
		6B6640671B71F9E00094533E /* Debug */ = {
			isa = XCBuildConfiguration;
			buildSettings = {
				ASSETCATALOG_COMPILER_APPICON_NAME = AppIcon;
				INFOPLIST_FILE = eweq/Info.plist;
				LD_RUNPATH_SEARCH_PATHS = "$(inherited) @executable_path/Frameworks";
				PRODUCT_NAME = "$(TARGET_NAME)";
			};
			name = Debug;
		};
		6B6640681B71F9E00094533E /* Release */ = {
			isa = XCBuildConfiguration;
			buildSettings = {
				ASSETCATALOG_COMPILER_APPICON_NAME = AppIcon;
				INFOPLIST_FILE = eweq/Info.plist;
				LD_RUNPATH_SEARCH_PATHS = "$(inherited) @executable_path/Frameworks";
				PRODUCT_NAME = "$(TARGET_NAME)";
			};
			name = Release;
		};
		6B66406A1B71F9E00094533E /* Debug */ = {
			isa = XCBuildConfiguration;
			buildSettings = {
				BUNDLE_LOADER = "$(TEST_HOST)";
				FRAMEWORK_SEARCH_PATHS = (
					"$(SDKROOT)/Developer/Library/Frameworks",
					"$(inherited)",
				);
				GCC_PREPROCESSOR_DEFINITIONS = (
					"DEBUG=1",
					"$(inherited)",
				);
				INFOPLIST_FILE = eweqTests/Info.plist;
				LD_RUNPATH_SEARCH_PATHS = "$(inherited) @executable_path/Frameworks @loader_path/Frameworks";
				PRODUCT_NAME = "$(TARGET_NAME)";
				TEST_HOST = "$(BUILT_PRODUCTS_DIR)/eweq.app/eweq";
			};
			name = Debug;
		};
		6B66406B1B71F9E00094533E /* Release */ = {
			isa = XCBuildConfiguration;
			buildSettings = {
				BUNDLE_LOADER = "$(TEST_HOST)";
				FRAMEWORK_SEARCH_PATHS = (
					"$(SDKROOT)/Developer/Library/Frameworks",
					"$(inherited)",
				);
				INFOPLIST_FILE = eweqTests/Info.plist;
				LD_RUNPATH_SEARCH_PATHS = "$(inherited) @executable_path/Frameworks @loader_path/Frameworks";
				PRODUCT_NAME = "$(TARGET_NAME)";
				TEST_HOST = "$(BUILT_PRODUCTS_DIR)/eweq.app/eweq";
			};
			name = Release;
		};
/* End XCBuildConfiguration section */

/* Begin XCConfigurationList section */
		6B66403E1B71F9E00094533E /* Build configuration list for PBXProject "eweq" */ = {
			isa = XCConfigurationList;
			buildConfigurations = (
				6B6640641B71F9E00094533E /* Debug */,
				6B6640651B71F9E00094533E /* Release */,
			);
			defaultConfigurationIsVisible = 0;
			defaultConfigurationName = Release;
		};
		6B6640661B71F9E00094533E /* Build configuration list for PBXNativeTarget "eweq" */ = {
			isa = XCConfigurationList;
			buildConfigurations = (
				6B6640671B71F9E00094533E /* Debug */,
				6B6640681B71F9E00094533E /* Release */,
			);
			defaultConfigurationIsVisible = 0;
		};
		6B6640691B71F9E00094533E /* Build configuration list for PBXNativeTarget "eweqTests" */ = {
			isa = XCConfigurationList;
			buildConfigurations = (
				6B66406A1B71F9E00094533E /* Debug */,
				6B66406B1B71F9E00094533E /* Release */,
			);
			defaultConfigurationIsVisible = 0;
		};
/* End XCConfigurationList section */
	};
	rootObject = 6B66403B1B71F9E00094533E /* Project object */;
}
