// !$*UTF8*$!
{
	archiveVersion = 1;
	classes = {
	};
	objectVersion = 46;
	objects = {

/* Begin PBXBuildFile section */
		6B663FE91B71E4510094533E /* main.m in Sources */ = {isa = PBXBuildFile; fileRef = 6B663FE81B71E4510094533E /* main.m */; };
		6B663FEC1B71E4510094533E /* AppDelegate.m in Sources */ = {isa = PBXBuildFile; fileRef = 6B663FEB1B71E4510094533E /* AppDelegate.m */; };
		6B663FEF1B71E4510094533E /* ViewController.m in Sources */ = {isa = PBXBuildFile; fileRef = 6B663FEE1B71E4510094533E /* ViewController.m */; };
		6B663FF21B71E4510094533E /* Main.storyboard in Resources */ = {isa = PBXBuildFile; fileRef = 6B663FF01B71E4510094533E /* Main.storyboard */; };
		6B663FF41B71E4510094533E /* Images.xcassets in Resources */ = {isa = PBXBuildFile; fileRef = 6B663FF31B71E4510094533E /* Images.xcassets */; };
		6B663FF71B71E4510094533E /* LaunchScreen.xib in Resources */ = {isa = PBXBuildFile; fileRef = 6B663FF51B71E4510094533E /* LaunchScreen.xib */; };
		6B6640031B71E4510094533E /* KKMasonryDemoTests.m in Sources */ = {isa = PBXBuildFile; fileRef = 6B6640021B71E4510094533E /* KKMasonryDemoTests.m */; };
		6B6640271B71E4940094533E /* Info.plist in Resources */ = {isa = PBXBuildFile; fileRef = 6B66400D1B71E4940094533E /* Info.plist */; };
		6B6640281B71E4940094533E /* MASCompositeConstraint.m in Sources */ = {isa = PBXBuildFile; fileRef = 6B66400F1B71E4940094533E /* MASCompositeConstraint.m */; };
		6B6640291B71E4940094533E /* MASConstraint.m in Sources */ = {isa = PBXBuildFile; fileRef = 6B6640121B71E4940094533E /* MASConstraint.m */; };
		6B66402A1B71E4940094533E /* MASConstraintMaker.m in Sources */ = {isa = PBXBuildFile; fileRef = 6B6640141B71E4940094533E /* MASConstraintMaker.m */; };
		6B66402B1B71E4940094533E /* MASLayoutConstraint.m in Sources */ = {isa = PBXBuildFile; fileRef = 6B6640161B71E4940094533E /* MASLayoutConstraint.m */; };
		6B66402C1B71E4940094533E /* MASViewAttribute.m in Sources */ = {isa = PBXBuildFile; fileRef = 6B66401A1B71E4940094533E /* MASViewAttribute.m */; };
		6B66402D1B71E4940094533E /* MASViewConstraint.m in Sources */ = {isa = PBXBuildFile; fileRef = 6B66401C1B71E4940094533E /* MASViewConstraint.m */; };
		6B66402E1B71E4940094533E /* NSArray+MASAdditions.m in Sources */ = {isa = PBXBuildFile; fileRef = 6B66401E1B71E4940094533E /* NSArray+MASAdditions.m */; };
		6B66402F1B71E4940094533E /* NSLayoutConstraint+MASDebugAdditions.m in Sources */ = {isa = PBXBuildFile; fileRef = 6B6640211B71E4940094533E /* NSLayoutConstraint+MASDebugAdditions.m */; };
		6B6640301B71E4940094533E /* View+MASAdditions.m in Sources */ = {isa = PBXBuildFile; fileRef = 6B6640231B71E4940094533E /* View+MASAdditions.m */; };
		6B6640311B71E4940094533E /* ViewController+MASAdditions.m in Sources */ = {isa = PBXBuildFile; fileRef = 6B6640261B71E4940094533E /* ViewController+MASAdditions.m */; };
		6B6640331B71EDC60094533E /* 1.png in Resources */ = {isa = PBXBuildFile; fileRef = 6B6640321B71EDC60094533E /* 1.png */; };
		6B6640361B71EE060094533E /* ViewController2.m in Sources */ = {isa = PBXBuildFile; fileRef = 6B6640351B71EE060094533E /* ViewController2.m */; };
		6B6640391B71F7460094533E /* ViewController3.m in Sources */ = {isa = PBXBuildFile; fileRef = 6B6640381B71F7460094533E /* ViewController3.m */; };
/* End PBXBuildFile section */

/* Begin PBXContainerItemProxy section */
		6B663FFD1B71E4510094533E /* PBXContainerItemProxy */ = {
			isa = PBXContainerItemProxy;
			containerPortal = 6B663FDB1B71E4510094533E /* Project object */;
			proxyType = 1;
			remoteGlobalIDString = 6B663FE21B71E4510094533E;
			remoteInfo = KKMasonryDemo;
		};
/* End PBXContainerItemProxy section */

/* Begin PBXFileReference section */
		6B663FE31B71E4510094533E /* KKMasonryDemo.app */ = {isa = PBXFileReference; explicitFileType = wrapper.application; includeInIndex = 0; path = KKMasonryDemo.app; sourceTree = BUILT_PRODUCTS_DIR; };
		6B663FE71B71E4510094533E /* Info.plist */ = {isa = PBXFileReference; lastKnownFileType = text.plist.xml; path = Info.plist; sourceTree = "<group>"; };
		6B663FE81B71E4510094533E /* main.m */ = {isa = PBXFileReference; lastKnownFileType = sourcecode.c.objc; path = main.m; sourceTree = "<group>"; };
		6B663FEA1B71E4510094533E /* AppDelegate.h */ = {isa = PBXFileReference; lastKnownFileType = sourcecode.c.h; path = AppDelegate.h; sourceTree = "<group>"; };
		6B663FEB1B71E4510094533E /* AppDelegate.m */ = {isa = PBXFileReference; lastKnownFileType = sourcecode.c.objc; path = AppDelegate.m; sourceTree = "<group>"; };
		6B663FED1B71E4510094533E /* ViewController.h */ = {isa = PBXFileReference; lastKnownFileType = sourcecode.c.h; path = ViewController.h; sourceTree = "<group>"; };
		6B663FEE1B71E4510094533E /* ViewController.m */ = {isa = PBXFileReference; lastKnownFileType = sourcecode.c.objc; path = ViewController.m; sourceTree = "<group>"; };
		6B663FF11B71E4510094533E /* Base */ = {isa = PBXFileReference; lastKnownFileType = file.storyboard; name = Base; path = Base.lproj/Main.storyboard; sourceTree = "<group>"; };
		6B663FF31B71E4510094533E /* Images.xcassets */ = {isa = PBXFileReference; lastKnownFileType = folder.assetcatalog; path = Images.xcassets; sourceTree = "<group>"; };
		6B663FF61B71E4510094533E /* Base */ = {isa = PBXFileReference; lastKnownFileType = file.xib; name = Base; path = Base.lproj/LaunchScreen.xib; sourceTree = "<group>"; };
		6B663FFC1B71E4510094533E /* KKMasonryDemoTests.xctest */ = {isa = PBXFileReference; explicitFileType = wrapper.cfbundle; includeInIndex = 0; path = KKMasonryDemoTests.xctest; sourceTree = BUILT_PRODUCTS_DIR; };
		6B6640011B71E4510094533E /* Info.plist */ = {isa = PBXFileReference; lastKnownFileType = text.plist.xml; path = Info.plist; sourceTree = "<group>"; };
		6B6640021B71E4510094533E /* KKMasonryDemoTests.m */ = {isa = PBXFileReference; lastKnownFileType = sourcecode.c.objc; path = KKMasonryDemoTests.m; sourceTree = "<group>"; };
		6B66400D1B71E4940094533E /* Info.plist */ = {isa = PBXFileReference; fileEncoding = 4; lastKnownFileType = text.plist.xml; path = Info.plist; sourceTree = "<group>"; };
		6B66400E1B71E4940094533E /* MASCompositeConstraint.h */ = {isa = PBXFileReference; fileEncoding = 4; lastKnownFileType = sourcecode.c.h; path = MASCompositeConstraint.h; sourceTree = "<group>"; };
		6B66400F1B71E4940094533E /* MASCompositeConstraint.m */ = {isa = PBXFileReference; fileEncoding = 4; lastKnownFileType = sourcecode.c.objc; path = MASCompositeConstraint.m; sourceTree = "<group>"; };
		6B6640101B71E4940094533E /* MASConstraint+Private.h */ = {isa = PBXFileReference; fileEncoding = 4; lastKnownFileType = sourcecode.c.h; path = "MASConstraint+Private.h"; sourceTree = "<group>"; };
		6B6640111B71E4940094533E /* MASConstraint.h */ = {isa = PBXFileReference; fileEncoding = 4; lastKnownFileType = sourcecode.c.h; path = MASConstraint.h; sourceTree = "<group>"; };
		6B6640121B71E4940094533E /* MASConstraint.m */ = {isa = PBXFileReference; fileEncoding = 4; lastKnownFileType = sourcecode.c.objc; path = MASConstraint.m; sourceTree = "<group>"; };
		6B6640131B71E4940094533E /* MASConstraintMaker.h */ = {isa = PBXFileReference; fileEncoding = 4; lastKnownFileType = sourcecode.c.h; path = MASConstraintMaker.h; sourceTree = "<group>"; };
		6B6640141B71E4940094533E /* MASConstraintMaker.m */ = {isa = PBXFileReference; fileEncoding = 4; lastKnownFileType = sourcecode.c.objc; path = MASConstraintMaker.m; sourceTree = "<group>"; };
		6B6640151B71E4940094533E /* MASLayoutConstraint.h */ = {isa = PBXFileReference; fileEncoding = 4; lastKnownFileType = sourcecode.c.h; path = MASLayoutConstraint.h; sourceTree = "<group>"; };
		6B6640161B71E4940094533E /* MASLayoutConstraint.m */ = {isa = PBXFileReference; fileEncoding = 4; lastKnownFileType = sourcecode.c.objc; path = MASLayoutConstraint.m; sourceTree = "<group>"; };
		6B6640171B71E4940094533E /* Masonry.h */ = {isa = PBXFileReference; fileEncoding = 4; lastKnownFileType = sourcecode.c.h; path = Masonry.h; sourceTree = "<group>"; };
		6B6640181B71E4940094533E /* MASUtilities.h */ = {isa = PBXFileReference; fileEncoding = 4; lastKnownFileType = sourcecode.c.h; path = MASUtilities.h; sourceTree = "<group>"; };
		6B6640191B71E4940094533E /* MASViewAttribute.h */ = {isa = PBXFileReference; fileEncoding = 4; lastKnownFileType = sourcecode.c.h; path = MASViewAttribute.h; sourceTree = "<group>"; };
		6B66401A1B71E4940094533E /* MASViewAttribute.m */ = {isa = PBXFileReference; fileEncoding = 4; lastKnownFileType = sourcecode.c.objc; path = MASViewAttribute.m; sourceTree = "<group>"; };
		6B66401B1B71E4940094533E /* MASViewConstraint.h */ = {isa = PBXFileReference; fileEncoding = 4; lastKnownFileType = sourcecode.c.h; path = MASViewConstraint.h; sourceTree = "<group>"; };
		6B66401C1B71E4940094533E /* MASViewConstraint.m */ = {isa = PBXFileReference; fileEncoding = 4; lastKnownFileType = sourcecode.c.objc; path = MASViewConstraint.m; sourceTree = "<group>"; };
		6B66401D1B71E4940094533E /* NSArray+MASAdditions.h */ = {isa = PBXFileReference; fileEncoding = 4; lastKnownFileType = sourcecode.c.h; path = "NSArray+MASAdditions.h"; sourceTree = "<group>"; };
		6B66401E1B71E4940094533E /* NSArray+MASAdditions.m */ = {isa = PBXFileReference; fileEncoding = 4; lastKnownFileType = sourcecode.c.objc; path = "NSArray+MASAdditions.m"; sourceTree = "<group>"; };
		6B66401F1B71E4940094533E /* NSArray+MASShorthandAdditions.h */ = {isa = PBXFileReference; fileEncoding = 4; lastKnownFileType = sourcecode.c.h; path = "NSArray+MASShorthandAdditions.h"; sourceTree = "<group>"; };
		6B6640201B71E4940094533E /* NSLayoutConstraint+MASDebugAdditions.h */ = {isa = PBXFileReference; fileEncoding = 4; lastKnownFileType = sourcecode.c.h; path = "NSLayoutConstraint+MASDebugAdditions.h"; sourceTree = "<group>"; };
		6B6640211B71E4940094533E /* NSLayoutConstraint+MASDebugAdditions.m */ = {isa = PBXFileReference; fileEncoding = 4; lastKnownFileType = sourcecode.c.objc; path = "NSLayoutConstraint+MASDebugAdditions.m"; sourceTree = "<group>"; };
		6B6640221B71E4940094533E /* View+MASAdditions.h */ = {isa = PBXFileReference; fileEncoding = 4; lastKnownFileType = sourcecode.c.h; path = "View+MASAdditions.h"; sourceTree = "<group>"; };
		6B6640231B71E4940094533E /* View+MASAdditions.m */ = {isa = PBXFileReference; fileEncoding = 4; lastKnownFileType = sourcecode.c.objc; path = "View+MASAdditions.m"; sourceTree = "<group>"; };
		6B6640241B71E4940094533E /* View+MASShorthandAdditions.h */ = {isa = PBXFileReference; fileEncoding = 4; lastKnownFileType = sourcecode.c.h; path = "View+MASShorthandAdditions.h"; sourceTree = "<group>"; };
		6B6640251B71E4940094533E /* ViewController+MASAdditions.h */ = {isa = PBXFileReference; fileEncoding = 4; lastKnownFileType = sourcecode.c.h; path = "ViewController+MASAdditions.h"; sourceTree = "<group>"; };
		6B6640261B71E4940094533E /* ViewController+MASAdditions.m */ = {isa = PBXFileReference; fileEncoding = 4; lastKnownFileType = sourcecode.c.objc; path = "ViewController+MASAdditions.m"; sourceTree = "<group>"; };
		6B6640321B71EDC60094533E /* 1.png */ = {isa = PBXFileReference; lastKnownFileType = image.png; path = 1.png; sourceTree = "<group>"; };
		6B6640341B71EE060094533E /* ViewController2.h */ = {isa = PBXFileReference; fileEncoding = 4; lastKnownFileType = sourcecode.c.h; path = ViewController2.h; sourceTree = "<group>"; };
		6B6640351B71EE060094533E /* ViewController2.m */ = {isa = PBXFileReference; fileEncoding = 4; lastKnownFileType = sourcecode.c.objc; path = ViewController2.m; sourceTree = "<group>"; };
		6B6640371B71F7460094533E /* ViewController3.h */ = {isa = PBXFileReference; fileEncoding = 4; lastKnownFileType = sourcecode.c.h; path = ViewController3.h; sourceTree = "<group>"; };
		6B6640381B71F7460094533E /* ViewController3.m */ = {isa = PBXFileReference; fileEncoding = 4; lastKnownFileType = sourcecode.c.objc; path = ViewController3.m; sourceTree = "<group>"; };
/* End PBXFileReference section */

/* Begin PBXFrameworksBuildPhase section */
		6B663FE01B71E4510094533E /* Frameworks */ = {
			isa = PBXFrameworksBuildPhase;
			buildActionMask = 2147483647;
			files = (
			);
			runOnlyForDeploymentPostprocessing = 0;
		};
		6B663FF91B71E4510094533E /* Frameworks */ = {
			isa = PBXFrameworksBuildPhase;
			buildActionMask = 2147483647;
			files = (
			);
			runOnlyForDeploymentPostprocessing = 0;
		};
/* End PBXFrameworksBuildPhase section */

/* Begin PBXGroup section */
		6B663FDA1B71E4510094533E = {
			isa = PBXGroup;
			children = (
				6B663FE51B71E4510094533E /* KKMasonryDemo */,
				6B663FFF1B71E4510094533E /* KKMasonryDemoTests */,
				6B663FE41B71E4510094533E /* Products */,
			);
			sourceTree = "<group>";
		};
		6B663FE41B71E4510094533E /* Products */ = {
			isa = PBXGroup;
			children = (
				6B663FE31B71E4510094533E /* KKMasonryDemo.app */,
				6B663FFC1B71E4510094533E /* KKMasonryDemoTests.xctest */,
			);
			name = Products;
			sourceTree = "<group>";
		};
		6B663FE51B71E4510094533E /* KKMasonryDemo */ = {
			isa = PBXGroup;
			children = (
				6B66400C1B71E4940094533E /* Masonry */,
				6B663FEA1B71E4510094533E /* AppDelegate.h */,
				6B663FEB1B71E4510094533E /* AppDelegate.m */,
				6B663FED1B71E4510094533E /* ViewController.h */,
				6B663FEE1B71E4510094533E /* ViewController.m */,
				6B6640341B71EE060094533E /* ViewController2.h */,
				6B6640351B71EE060094533E /* ViewController2.m */,
				6B6640371B71F7460094533E /* ViewController3.h */,
				6B6640381B71F7460094533E /* ViewController3.m */,
				6B663FF01B71E4510094533E /* Main.storyboard */,
				6B663FF31B71E4510094533E /* Images.xcassets */,
				6B663FF51B71E4510094533E /* LaunchScreen.xib */,
				6B663FE61B71E4510094533E /* Supporting Files */,
			);
			path = KKMasonryDemo;
			sourceTree = "<group>";
		};
		6B663FE61B71E4510094533E /* Supporting Files */ = {
			isa = PBXGroup;
			children = (
				6B6640321B71EDC60094533E /* 1.png */,
				6B663FE71B71E4510094533E /* Info.plist */,
				6B663FE81B71E4510094533E /* main.m */,
			);
			name = "Supporting Files";
			sourceTree = "<group>";
		};
		6B663FFF1B71E4510094533E /* KKMasonryDemoTests */ = {
			isa = PBXGroup;
			children = (
				6B6640021B71E4510094533E /* KKMasonryDemoTests.m */,
				6B6640001B71E4510094533E /* Supporting Files */,
			);
			path = KKMasonryDemoTests;
			sourceTree = "<group>";
		};
		6B6640001B71E4510094533E /* Supporting Files */ = {
			isa = PBXGroup;
			children = (
				6B6640011B71E4510094533E /* Info.plist */,
			);
			name = "Supporting Files";
			sourceTree = "<group>";
		};
		6B66400C1B71E4940094533E /* Masonry */ = {
			isa = PBXGroup;
			children = (
				6B66400D1B71E4940094533E /* Info.plist */,
				6B66400E1B71E4940094533E /* MASCompositeConstraint.h */,
				6B66400F1B71E4940094533E /* MASCompositeConstraint.m */,
				6B6640101B71E4940094533E /* MASConstraint+Private.h */,
				6B6640111B71E4940094533E /* MASConstraint.h */,
				6B6640121B71E4940094533E /* MASConstraint.m */,
				6B6640131B71E4940094533E /* MASConstraintMaker.h */,
				6B6640141B71E4940094533E /* MASConstraintMaker.m */,
				6B6640151B71E4940094533E /* MASLayoutConstraint.h */,
				6B6640161B71E4940094533E /* MASLayoutConstraint.m */,
				6B6640171B71E4940094533E /* Masonry.h */,
				6B6640181B71E4940094533E /* MASUtilities.h */,
				6B6640191B71E4940094533E /* MASViewAttribute.h */,
				6B66401A1B71E4940094533E /* MASViewAttribute.m */,
				6B66401B1B71E4940094533E /* MASViewConstraint.h */,
				6B66401C1B71E4940094533E /* MASViewConstraint.m */,
				6B66401D1B71E4940094533E /* NSArray+MASAdditions.h */,
				6B66401E1B71E4940094533E /* NSArray+MASAdditions.m */,
				6B66401F1B71E4940094533E /* NSArray+MASShorthandAdditions.h */,
				6B6640201B71E4940094533E /* NSLayoutConstraint+MASDebugAdditions.h */,
				6B6640211B71E4940094533E /* NSLayoutConstraint+MASDebugAdditions.m */,
				6B6640221B71E4940094533E /* View+MASAdditions.h */,
				6B6640231B71E4940094533E /* View+MASAdditions.m */,
				6B6640241B71E4940094533E /* View+MASShorthandAdditions.h */,
				6B6640251B71E4940094533E /* ViewController+MASAdditions.h */,
				6B6640261B71E4940094533E /* ViewController+MASAdditions.m */,
			);
			path = Masonry;
			sourceTree = "<group>";
		};
/* End PBXGroup section */

/* Begin PBXNativeTarget section */
		6B663FE21B71E4510094533E /* KKMasonryDemo */ = {
			isa = PBXNativeTarget;
			buildConfigurationList = 6B6640061B71E4510094533E /* Build configuration list for PBXNativeTarget "KKMasonryDemo" */;
			buildPhases = (
				6B663FDF1B71E4510094533E /* Sources */,
				6B663FE01B71E4510094533E /* Frameworks */,
				6B663FE11B71E4510094533E /* Resources */,
			);
			buildRules = (
			);
			dependencies = (
			);
			name = KKMasonryDemo;
			productName = KKMasonryDemo;
			productReference = 6B663FE31B71E4510094533E /* KKMasonryDemo.app */;
			productType = "com.apple.product-type.application";
		};
		6B663FFB1B71E4510094533E /* KKMasonryDemoTests */ = {
			isa = PBXNativeTarget;
			buildConfigurationList = 6B6640091B71E4510094533E /* Build configuration list for PBXNativeTarget "KKMasonryDemoTests" */;
			buildPhases = (
				6B663FF81B71E4510094533E /* Sources */,
				6B663FF91B71E4510094533E /* Frameworks */,
				6B663FFA1B71E4510094533E /* Resources */,
			);
			buildRules = (
			);
			dependencies = (
				6B663FFE1B71E4510094533E /* PBXTargetDependency */,
			);
			name = KKMasonryDemoTests;
			productName = KKMasonryDemoTests;
			productReference = 6B663FFC1B71E4510094533E /* KKMasonryDemoTests.xctest */;
			productType = "com.apple.product-type.bundle.unit-test";
		};
/* End PBXNativeTarget section */

/* Begin PBXProject section */
		6B663FDB1B71E4510094533E /* Project object */ = {
			isa = PBXProject;
			attributes = {
				LastUpgradeCheck = 0630;
				ORGANIZATIONNAME = KellenYang;
				TargetAttributes = {
					6B663FE21B71E4510094533E = {
						CreatedOnToolsVersion = 6.3.2;
					};
					6B663FFB1B71E4510094533E = {
						CreatedOnToolsVersion = 6.3.2;
						TestTargetID = 6B663FE21B71E4510094533E;
					};
				};
			};
			buildConfigurationList = 6B663FDE1B71E4510094533E /* Build configuration list for PBXProject "KKMasonryDemo" */;
			compatibilityVersion = "Xcode 3.2";
			developmentRegion = English;
			hasScannedForEncodings = 0;
			knownRegions = (
				en,
				Base,
			);
			mainGroup = 6B663FDA1B71E4510094533E;
			productRefGroup = 6B663FE41B71E4510094533E /* Products */;
			projectDirPath = "";
			projectRoot = "";
			targets = (
				6B663FE21B71E4510094533E /* KKMasonryDemo */,
				6B663FFB1B71E4510094533E /* KKMasonryDemoTests */,
			);
		};
/* End PBXProject section */

/* Begin PBXResourcesBuildPhase section */
		6B663FE11B71E4510094533E /* Resources */ = {
			isa = PBXResourcesBuildPhase;
			buildActionMask = 2147483647;
			files = (
				6B6640271B71E4940094533E /* Info.plist in Resources */,
				6B663FF21B71E4510094533E /* Main.storyboard in Resources */,
				6B663FF71B71E4510094533E /* LaunchScreen.xib in Resources */,
				6B663FF41B71E4510094533E /* Images.xcassets in Resources */,
				6B6640331B71EDC60094533E /* 1.png in Resources */,
			);
			runOnlyForDeploymentPostprocessing = 0;
		};
		6B663FFA1B71E4510094533E /* Resources */ = {
			isa = PBXResourcesBuildPhase;
			buildActionMask = 2147483647;
			files = (
			);
			runOnlyForDeploymentPostprocessing = 0;
		};
/* End PBXResourcesBuildPhase section */

/* Begin PBXSourcesBuildPhase section */
		6B663FDF1B71E4510094533E /* Sources */ = {
			isa = PBXSourcesBuildPhase;
			buildActionMask = 2147483647;
			files = (
				6B66402F1B71E4940094533E /* NSLayoutConstraint+MASDebugAdditions.m in Sources */,
				6B66402D1B71E4940094533E /* MASViewConstraint.m in Sources */,
				6B6640281B71E4940094533E /* MASCompositeConstraint.m in Sources */,
				6B66402E1B71E4940094533E /* NSArray+MASAdditions.m in Sources */,
				6B663FEF1B71E4510094533E /* ViewController.m in Sources */,
				6B663FEC1B71E4510094533E /* AppDelegate.m in Sources */,
				6B66402B1B71E4940094533E /* MASLayoutConstraint.m in Sources */,
				6B6640361B71EE060094533E /* ViewController2.m in Sources */,
				6B663FE91B71E4510094533E /* main.m in Sources */,
				6B6640311B71E4940094533E /* ViewController+MASAdditions.m in Sources */,
				6B6640301B71E4940094533E /* View+MASAdditions.m in Sources */,
				6B66402C1B71E4940094533E /* MASViewAttribute.m in Sources */,
				6B6640291B71E4940094533E /* MASConstraint.m in Sources */,
				6B66402A1B71E4940094533E /* MASConstraintMaker.m in Sources */,
				6B6640391B71F7460094533E /* ViewController3.m in Sources */,
			);
			runOnlyForDeploymentPostprocessing = 0;
		};
		6B663FF81B71E4510094533E /* Sources */ = {
			isa = PBXSourcesBuildPhase;
			buildActionMask = 2147483647;
			files = (
				6B6640031B71E4510094533E /* KKMasonryDemoTests.m in Sources */,
			);
			runOnlyForDeploymentPostprocessing = 0;
		};
/* End PBXSourcesBuildPhase section */

/* Begin PBXTargetDependency section */
		6B663FFE1B71E4510094533E /* PBXTargetDependency */ = {
			isa = PBXTargetDependency;
			target = 6B663FE21B71E4510094533E /* KKMasonryDemo */;
			targetProxy = 6B663FFD1B71E4510094533E /* PBXContainerItemProxy */;
		};
/* End PBXTargetDependency section */

/* Begin PBXVariantGroup section */
		6B663FF01B71E4510094533E /* Main.storyboard */ = {
			isa = PBXVariantGroup;
			children = (
				6B663FF11B71E4510094533E /* Base */,
			);
			name = Main.storyboard;
			sourceTree = "<group>";
		};
		6B663FF51B71E4510094533E /* LaunchScreen.xib */ = {
			isa = PBXVariantGroup;
			children = (
				6B663FF61B71E4510094533E /* Base */,
			);
			name = LaunchScreen.xib;
			sourceTree = "<group>";
		};
/* End PBXVariantGroup section */

/* Begin XCBuildConfiguration section */
		6B6640041B71E4510094533E /* Debug */ = {
			isa = XCBuildConfiguration;
			buildSettings = {
				ALWAYS_SEARCH_USER_PATHS = NO;
				CLANG_CXX_LANGUAGE_STANDARD = "gnu++0x";
				CLANG_CXX_LIBRARY = "libc++";
				CLANG_ENABLE_MODULES = YES;
				CLANG_ENABLE_OBJC_ARC = YES;
				CLANG_WARN_BOOL_CONVERSION = YES;
				CLANG_WARN_CONSTANT_CONVERSION = YES;
				CLANG_WARN_DIRECT_OBJC_ISA_USAGE = YES_ERROR;
				CLANG_WARN_EMPTY_BODY = YES;
				CLANG_WARN_ENUM_CONVERSION = YES;
				CLANG_WARN_INT_CONVERSION = YES;
				CLANG_WARN_OBJC_ROOT_CLASS = YES_ERROR;
				CLANG_WARN_UNREACHABLE_CODE = YES;
				CLANG_WARN__DUPLICATE_METHOD_MATCH = YES;
				"CODE_SIGN_IDENTITY[sdk=iphoneos*]" = "iPhone Developer";
				COPY_PHASE_STRIP = NO;
				DEBUG_INFORMATION_FORMAT = "dwarf-with-dsym";
				ENABLE_STRICT_OBJC_MSGSEND = YES;
				GCC_C_LANGUAGE_STANDARD = gnu99;
				GCC_DYNAMIC_NO_PIC = NO;
				GCC_NO_COMMON_BLOCKS = YES;
				GCC_OPTIMIZATION_LEVEL = 0;
				GCC_PREPROCESSOR_DEFINITIONS = (
					"DEBUG=1",
					"$(inherited)",
				);
				GCC_SYMBOLS_PRIVATE_EXTERN = NO;
				GCC_WARN_64_TO_32_BIT_CONVERSION = YES;
				GCC_WARN_ABOUT_RETURN_TYPE = YES_ERROR;
				GCC_WARN_UNDECLARED_SELECTOR = YES;
				GCC_WARN_UNINITIALIZED_AUTOS = YES_AGGRESSIVE;
				GCC_WARN_UNUSED_FUNCTION = YES;
				GCC_WARN_UNUSED_VARIABLE = YES;
				IPHONEOS_DEPLOYMENT_TARGET = 8.3;
				MTL_ENABLE_DEBUG_INFO = YES;
				ONLY_ACTIVE_ARCH = YES;
				SDKROOT = iphoneos;
				TARGETED_DEVICE_FAMILY = "1,2";
			};
			name = Debug;
		};
		6B6640051B71E4510094533E /* Release */ = {
			isa = XCBuildConfiguration;
			buildSettings = {
				ALWAYS_SEARCH_USER_PATHS = NO;
				CLANG_CXX_LANGUAGE_STANDARD = "gnu++0x";
				CLANG_CXX_LIBRARY = "libc++";
				CLANG_ENABLE_MODULES = YES;
				CLANG_ENABLE_OBJC_ARC = YES;
				CLANG_WARN_BOOL_CONVERSION = YES;
				CLANG_WARN_CONSTANT_CONVERSION = YES;
				CLANG_WARN_DIRECT_OBJC_ISA_USAGE = YES_ERROR;
				CLANG_WARN_EMPTY_BODY = YES;
				CLANG_WARN_ENUM_CONVERSION = YES;
				CLANG_WARN_INT_CONVERSION = YES;
				CLANG_WARN_OBJC_ROOT_CLASS = YES_ERROR;
				CLANG_WARN_UNREACHABLE_CODE = YES;
				CLANG_WARN__DUPLICATE_METHOD_MATCH = YES;
				"CODE_SIGN_IDENTITY[sdk=iphoneos*]" = "iPhone Developer";
				COPY_PHASE_STRIP = NO;
				DEBUG_INFORMATION_FORMAT = "dwarf-with-dsym";
				ENABLE_NS_ASSERTIONS = NO;
				ENABLE_STRICT_OBJC_MSGSEND = YES;
				GCC_C_LANGUAGE_STANDARD = gnu99;
				GCC_NO_COMMON_BLOCKS = YES;
				GCC_WARN_64_TO_32_BIT_CONVERSION = YES;
				GCC_WARN_ABOUT_RETURN_TYPE = YES_ERROR;
				GCC_WARN_UNDECLARED_SELECTOR = YES;
				GCC_WARN_UNINITIALIZED_AUTOS = YES_AGGRESSIVE;
				GCC_WARN_UNUSED_FUNCTION = YES;
				GCC_WARN_UNUSED_VARIABLE = YES;
				IPHONEOS_DEPLOYMENT_TARGET = 8.3;
				MTL_ENABLE_DEBUG_INFO = NO;
				SDKROOT = iphoneos;
				TARGETED_DEVICE_FAMILY = "1,2";
				VALIDATE_PRODUCT = YES;
			};
			name = Release;
		};
		6B6640071B71E4510094533E /* Debug */ = {
			isa = XCBuildConfiguration;
			buildSettings = {
				ASSETCATALOG_COMPILER_APPICON_NAME = AppIcon;
				INFOPLIST_FILE = KKMasonryDemo/Info.plist;
				LD_RUNPATH_SEARCH_PATHS = "$(inherited) @executable_path/Frameworks";
				PRODUCT_NAME = "$(TARGET_NAME)";
			};
			name = Debug;
		};
		6B6640081B71E4510094533E /* Release */ = {
			isa = XCBuildConfiguration;
			buildSettings = {
				ASSETCATALOG_COMPILER_APPICON_NAME = AppIcon;
				INFOPLIST_FILE = KKMasonryDemo/Info.plist;
				LD_RUNPATH_SEARCH_PATHS = "$(inherited) @executable_path/Frameworks";
				PRODUCT_NAME = "$(TARGET_NAME)";
			};
			name = Release;
		};
		6B66400A1B71E4510094533E /* Debug */ = {
			isa = XCBuildConfiguration;
			buildSettings = {
				BUNDLE_LOADER = "$(TEST_HOST)";
				FRAMEWORK_SEARCH_PATHS = (
					"$(SDKROOT)/Developer/Library/Frameworks",
					"$(inherited)",
				);
				GCC_PREPROCESSOR_DEFINITIONS = (
					"DEBUG=1",
					"$(inherited)",
				);
				INFOPLIST_FILE = KKMasonryDemoTests/Info.plist;
				LD_RUNPATH_SEARCH_PATHS = "$(inherited) @executable_path/Frameworks @loader_path/Frameworks";
				PRODUCT_NAME = "$(TARGET_NAME)";
				TEST_HOST = "$(BUILT_PRODUCTS_DIR)/KKMasonryDemo.app/KKMasonryDemo";
			};
			name = Debug;
		};
		6B66400B1B71E4510094533E /* Release */ = {
			isa = XCBuildConfiguration;
			buildSettings = {
				BUNDLE_LOADER = "$(TEST_HOST)";
				FRAMEWORK_SEARCH_PATHS = (
					"$(SDKROOT)/Developer/Library/Frameworks",
					"$(inherited)",
				);
				INFOPLIST_FILE = KKMasonryDemoTests/Info.plist;
				LD_RUNPATH_SEARCH_PATHS = "$(inherited) @executable_path/Frameworks @loader_path/Frameworks";
				PRODUCT_NAME = "$(TARGET_NAME)";
				TEST_HOST = "$(BUILT_PRODUCTS_DIR)/KKMasonryDemo.app/KKMasonryDemo";
			};
			name = Release;
		};
/* End XCBuildConfiguration section */

/* Begin XCConfigurationList section */
		6B663FDE1B71E4510094533E /* Build configuration list for PBXProject "KKMasonryDemo" */ = {
			isa = XCConfigurationList;
			buildConfigurations = (
				6B6640041B71E4510094533E /* Debug */,
				6B6640051B71E4510094533E /* Release */,
			);
			defaultConfigurationIsVisible = 0;
			defaultConfigurationName = Release;
		};
		6B6640061B71E4510094533E /* Build configuration list for PBXNativeTarget "KKMasonryDemo" */ = {
			isa = XCConfigurationList;
			buildConfigurations = (
				6B6640071B71E4510094533E /* Debug */,
				6B6640081B71E4510094533E /* Release */,
			);
			defaultConfigurationIsVisible = 0;
		};
		6B6640091B71E4510094533E /* Build configuration list for PBXNativeTarget "KKMasonryDemoTests" */ = {
			isa = XCConfigurationList;
			buildConfigurations = (
				6B66400A1B71E4510094533E /* Debug */,
				6B66400B1B71E4510094533E /* Release */,
			);
			defaultConfigurationIsVisible = 0;
		};
/* End XCConfigurationList section */
	};
	rootObject = 6B663FDB1B71E4510094533E /* Project object */;
}
